// !$*UTF8*$!
{
	archiveVersion = 1;
	classes = {
	};
	objectVersion = 46;
	objects = {

/* Begin PBXBuildFile section */
		5093728C1B84517000050CF7 /* main.m in Sources */ = {isa = PBXBuildFile; fileRef = 5093728B1B84517000050CF7 /* main.m */; };
		5093728F1B84517000050CF7 /* AppDelegate.m in Sources */ = {isa = PBXBuildFile; fileRef = 5093728E1B84517000050CF7 /* AppDelegate.m */; };
		509372921B84517000050CF7 /* MainViewController.m in Sources */ = {isa = PBXBuildFile; fileRef = 509372911B84517000050CF7 /* MainViewController.m */; };
		509372951B84517000050CF7 /* Main.storyboard in Resources */ = {isa = PBXBuildFile; fileRef = 509372931B84517000050CF7 /* Main.storyboard */; };
		509372971B84517000050CF7 /* Images.xcassets in Resources */ = {isa = PBXBuildFile; fileRef = 509372961B84517000050CF7 /* Images.xcassets */; };
		5093729A1B84517000050CF7 /* LaunchScreen.xib in Resources */ = {isa = PBXBuildFile; fileRef = 509372981B84517000050CF7 /* LaunchScreen.xib */; };
		509372A61B84517100050CF7 /* ClearAllContactTests.m in Sources */ = {isa = PBXBuildFile; fileRef = 509372A51B84517100050CF7 /* ClearAllContactTests.m */; };
		509372B11B8452EC00050CF7 /* AddressBook.framework in Frameworks */ = {isa = PBXBuildFile; fileRef = 509372B01B8452EC00050CF7 /* AddressBook.framework */; };
		509372B31B845A4C00050CF7 /* DefaultContact.plist in Resources */ = {isa = PBXBuildFile; fileRef = 509372B21B845A4C00050CF7 /* DefaultContact.plist */; };
/* End PBXBuildFile section */

/* Begin PBXContainerItemProxy section */
		509372A01B84517000050CF7 /* PBXContainerItemProxy */ = {
			isa = PBXContainerItemProxy;
			containerPortal = 5093727E1B84517000050CF7 /* Project object */;
			proxyType = 1;
			remoteGlobalIDString = 509372851B84517000050CF7;
			remoteInfo = ClearAllContact;
		};
/* End PBXContainerItemProxy section */

/* Begin PBXFileReference section */
		509372861B84517000050CF7 /* ClearAllContact.app */ = {isa = PBXFileReference; explicitFileType = wrapper.application; includeInIndex = 0; path = ClearAllContact.app; sourceTree = BUILT_PRODUCTS_DIR; };
		5093728A1B84517000050CF7 /* Info.plist */ = {isa = PBXFileReference; lastKnownFileType = text.plist.xml; path = Info.plist; sourceTree = "<group>"; };
		5093728B1B84517000050CF7 /* main.m */ = {isa = PBXFileReference; lastKnownFileType = sourcecode.c.objc; path = main.m; sourceTree = "<group>"; };
		5093728D1B84517000050CF7 /* AppDelegate.h */ = {isa = PBXFileReference; lastKnownFileType = sourcecode.c.h; path = AppDelegate.h; sourceTree = "<group>"; };
		5093728E1B84517000050CF7 /* AppDelegate.m */ = {isa = PBXFileReference; lastKnownFileType = sourcecode.c.objc; path = AppDelegate.m; sourceTree = "<group>"; };
		509372901B84517000050CF7 /* MainViewController.h */ = {isa = PBXFileReference; lastKnownFileType = sourcecode.c.h; path = MainViewController.h; sourceTree = "<group>"; };
		509372911B84517000050CF7 /* MainViewController.m */ = {isa = PBXFileReference; lastKnownFileType = sourcecode.c.objc; path = MainViewController.m; sourceTree = "<group>"; };
		509372941B84517000050CF7 /* Base */ = {isa = PBXFileReference; lastKnownFileType = file.storyboard; name = Base; path = Base.lproj/Main.storyboard; sourceTree = "<group>"; };
		509372961B84517000050CF7 /* Images.xcassets */ = {isa = PBXFileReference; lastKnownFileType = folder.assetcatalog; path = Images.xcassets; sourceTree = "<group>"; };
		509372991B84517000050CF7 /* Base */ = {isa = PBXFileReference; lastKnownFileType = file.xib; name = Base; path = Base.lproj/LaunchScreen.xib; sourceTree = "<group>"; };
		5093729F1B84517000050CF7 /* ClearAllContactTests.xctest */ = {isa = PBXFileReference; explicitFileType = wrapper.cfbundle; includeInIndex = 0; path = ClearAllContactTests.xctest; sourceTree = BUILT_PRODUCTS_DIR; };
		509372A41B84517100050CF7 /* Info.plist */ = {isa = PBXFileReference; lastKnownFileType = text.plist.xml; path = Info.plist; sourceTree = "<group>"; };
		509372A51B84517100050CF7 /* ClearAllContactTests.m */ = {isa = PBXFileReference; lastKnownFileType = sourcecode.c.objc; path = ClearAllContactTests.m; sourceTree = "<group>"; };
		509372B01B8452EC00050CF7 /* AddressBook.framework */ = {isa = PBXFileReference; lastKnownFileType = wrapper.framework; name = AddressBook.framework; path = System/Library/Frameworks/AddressBook.framework; sourceTree = SDKROOT; };
		509372B21B845A4C00050CF7 /* DefaultContact.plist */ = {isa = PBXFileReference; fileEncoding = 4; lastKnownFileType = text.plist.xml; path = DefaultContact.plist; sourceTree = "<group>"; };
/* End PBXFileReference section */

/* Begin PBXFrameworksBuildPhase section */
		509372831B84517000050CF7 /* Frameworks */ = {
			isa = PBXFrameworksBuildPhase;
			buildActionMask = 2147483647;
			files = (
				509372B11B8452EC00050CF7 /* AddressBook.framework in Frameworks */,
			);
			runOnlyForDeploymentPostprocessing = 0;
		};
		5093729C1B84517000050CF7 /* Frameworks */ = {
			isa = PBXFrameworksBuildPhase;
			buildActionMask = 2147483647;
			files = (
			);
			runOnlyForDeploymentPostprocessing = 0;
		};
/* End PBXFrameworksBuildPhase section */

/* Begin PBXGroup section */
		5093727D1B84517000050CF7 = {
			isa = PBXGroup;
			children = (
				509372AF1B8452D100050CF7 /* Frameworks */,
				509372881B84517000050CF7 /* ClearAllContact */,
				509372A21B84517100050CF7 /* ClearAllContactTests */,
				509372871B84517000050CF7 /* Products */,
			);
			sourceTree = "<group>";
		};
		509372871B84517000050CF7 /* Products */ = {
			isa = PBXGroup;
			children = (
				509372861B84517000050CF7 /* ClearAllContact.app */,
				5093729F1B84517000050CF7 /* ClearAllContactTests.xctest */,
			);
			name = Products;
			sourceTree = "<group>";
		};
		509372881B84517000050CF7 /* ClearAllContact */ = {
			isa = PBXGroup;
			children = (
				509372901B84517000050CF7 /* MainViewController.h */,
				509372911B84517000050CF7 /* MainViewController.m */,
				509372931B84517000050CF7 /* Main.storyboard */,
				509372891B84517000050CF7 /* Supporting Files */,
				509372B21B845A4C00050CF7 /* DefaultContact.plist */,
			);
			path = ClearAllContact;
			sourceTree = "<group>";
		};
		509372891B84517000050CF7 /* Supporting Files */ = {
			isa = PBXGroup;
			children = (
				5093728D1B84517000050CF7 /* AppDelegate.h */,
				5093728E1B84517000050CF7 /* AppDelegate.m */,
				509372961B84517000050CF7 /* Images.xcassets */,
				509372981B84517000050CF7 /* LaunchScreen.xib */,
				5093728A1B84517000050CF7 /* Info.plist */,
				5093728B1B84517000050CF7 /* main.m */,
			);
			name = "Supporting Files";
			sourceTree = "<group>";
		};
		509372A21B84517100050CF7 /* ClearAllContactTests */ = {
			isa = PBXGroup;
			children = (
				509372A51B84517100050CF7 /* ClearAllContactTests.m */,
				509372A31B84517100050CF7 /* Supporting Files */,
			);
			path = ClearAllContactTests;
			sourceTree = "<group>";
		};
		509372A31B84517100050CF7 /* Supporting Files */ = {
			isa = PBXGroup;
			children = (
				509372A41B84517100050CF7 /* Info.plist */,
			);
			name = "Supporting Files";
			sourceTree = "<group>";
		};
		509372AF1B8452D100050CF7 /* Frameworks */ = {
			isa = PBXGroup;
			children = (
				509372B01B8452EC00050CF7 /* AddressBook.framework */,
			);
			name = Frameworks;
			sourceTree = "<group>";
		};
/* End PBXGroup section */

/* Begin PBXNativeTarget section */
		509372851B84517000050CF7 /* ClearAllContact */ = {
			isa = PBXNativeTarget;
			buildConfigurationList = 509372A91B84517100050CF7 /* Build configuration list for PBXNativeTarget "ClearAllContact" */;
			buildPhases = (
				509372821B84517000050CF7 /* Sources */,
				509372831B84517000050CF7 /* Frameworks */,
				509372841B84517000050CF7 /* Resources */,
			);
			buildRules = (
			);
			dependencies = (
			);
			name = ClearAllContact;
			productName = ClearAllContact;
			productReference = 509372861B84517000050CF7 /* ClearAllContact.app */;
			productType = "com.apple.product-type.application";
		};
		5093729E1B84517000050CF7 /* ClearAllContactTests */ = {
			isa = PBXNativeTarget;
			buildConfigurationList = 509372AC1B84517100050CF7 /* Build configuration list for PBXNativeTarget "ClearAllContactTests" */;
			buildPhases = (
				5093729B1B84517000050CF7 /* Sources */,
				5093729C1B84517000050CF7 /* Frameworks */,
				5093729D1B84517000050CF7 /* Resources */,
			);
			buildRules = (
			);
			dependencies = (
				509372A11B84517000050CF7 /* PBXTargetDependency */,
			);
			name = ClearAllContactTests;
			productName = ClearAllContactTests;
			productReference = 5093729F1B84517000050CF7 /* ClearAllContactTests.xctest */;
			productType = "com.apple.product-type.bundle.unit-test";
		};
/* End PBXNativeTarget section */

/* Begin PBXProject section */
		5093727E1B84517000050CF7 /* Project object */ = {
			isa = PBXProject;
			attributes = {
				LastUpgradeCheck = 0640;
				ORGANIZATIONNAME = topsci;
				TargetAttributes = {
					509372851B84517000050CF7 = {
						CreatedOnToolsVersion = 6.4;
					};
					5093729E1B84517000050CF7 = {
						CreatedOnToolsVersion = 6.4;
						TestTargetID = 509372851B84517000050CF7;
					};
				};
			};
			buildConfigurationList = 509372811B84517000050CF7 /* Build configuration list for PBXProject "ClearAllContact" */;
			compatibilityVersion = "Xcode 3.2";
			developmentRegion = English;
			hasScannedForEncodings = 0;
			knownRegions = (
				en,
				Base,
			);
			mainGroup = 5093727D1B84517000050CF7;
			productRefGroup = 509372871B84517000050CF7 /* Products */;
			projectDirPath = "";
			projectRoot = "";
			targets = (
				509372851B84517000050CF7 /* ClearAllContact */,
				5093729E1B84517000050CF7 /* ClearAllContactTests */,
			);
		};
/* End PBXProject section */

/* Begin PBXResourcesBuildPhase section */
		509372841B84517000050CF7 /* Resources */ = {
			isa = PBXResourcesBuildPhase;
			buildActionMask = 2147483647;
			files = (
				509372951B84517000050CF7 /* Main.storyboard in Resources */,
				5093729A1B84517000050CF7 /* LaunchScreen.xib in Resources */,
				509372971B84517000050CF7 /* Images.xcassets in Resources */,
				509372B31B845A4C00050CF7 /* DefaultContact.plist in Resources */,
			);
			runOnlyForDeploymentPostprocessing = 0;
		};
		5093729D1B84517000050CF7 /* Resources */ = {
			isa = PBXResourcesBuildPhase;
			buildActionMask = 2147483647;
			files = (
			);
			runOnlyForDeploymentPostprocessing = 0;
		};
/* End PBXResourcesBuildPhase section */

/* Begin PBXSourcesBuildPhase section */
		509372821B84517000050CF7 /* Sources */ = {
			isa = PBXSourcesBuildPhase;
			buildActionMask = 2147483647;
			files = (
				509372921B84517000050CF7 /* MainViewController.m in Sources */,
				5093728F1B84517000050CF7 /* AppDelegate.m in Sources */,
				5093728C1B84517000050CF7 /* main.m in Sources */,
			);
			runOnlyForDeploymentPostprocessing = 0;
		};
		5093729B1B84517000050CF7 /* Sources */ = {
			isa = PBXSourcesBuildPhase;
			buildActionMask = 2147483647;
			files = (
				509372A61B84517100050CF7 /* ClearAllContactTests.m in Sources */,
			);
			runOnlyForDeploymentPostprocessing = 0;
		};
/* End PBXSourcesBuildPhase section */

/* Begin PBXTargetDependency section */
		509372A11B84517000050CF7 /* PBXTargetDependency */ = {
			isa = PBXTargetDependency;
			target = 509372851B84517000050CF7 /* ClearAllContact */;
			targetProxy = 509372A01B84517000050CF7 /* PBXContainerItemProxy */;
		};
/* End PBXTargetDependency section */

/* Begin PBXVariantGroup section */
		509372931B84517000050CF7 /* Main.storyboard */ = {
			isa = PBXVariantGroup;
			children = (
				509372941B84517000050CF7 /* Base */,
			);
			name = Main.storyboard;
			sourceTree = "<group>";
		};
		509372981B84517000050CF7 /* LaunchScreen.xib */ = {
			isa = PBXVariantGroup;
			children = (
				509372991B84517000050CF7 /* Base */,
			);
			name = LaunchScreen.xib;
			sourceTree = "<group>";
		};
/* End PBXVariantGroup section */

/* Begin XCBuildConfiguration section */
		509372A71B84517100050CF7 /* Debug */ = {
			isa = XCBuildConfiguration;
			buildSettings = {
				ALWAYS_SEARCH_USER_PATHS = NO;
				CLANG_CXX_LANGUAGE_STANDARD = "gnu++0x";
				CLANG_CXX_LIBRARY = "libc++";
				CLANG_ENABLE_MODULES = YES;
				CLANG_ENABLE_OBJC_ARC = YES;
				CLANG_WARN_BOOL_CONVERSION = YES;
				CLANG_WARN_CONSTANT_CONVERSION = YES;
				CLANG_WARN_DIRECT_OBJC_ISA_USAGE = YES_ERROR;
				CLANG_WARN_EMPTY_BODY = YES;
				CLANG_WARN_ENUM_CONVERSION = YES;
				CLANG_WARN_INT_CONVERSION = YES;
				CLANG_WARN_OBJC_ROOT_CLASS = YES_ERROR;
				CLANG_WARN_UNREACHABLE_CODE = YES;
				CLANG_WARN__DUPLICATE_METHOD_MATCH = YES;
				"CODE_SIGN_IDENTITY[sdk=iphoneos*]" = "iPhone Developer";
				COPY_PHASE_STRIP = NO;
				DEBUG_INFORMATION_FORMAT = "dwarf-with-dsym";
				ENABLE_STRICT_OBJC_MSGSEND = YES;
				GCC_C_LANGUAGE_STANDARD = gnu99;
				GCC_DYNAMIC_NO_PIC = NO;
				GCC_NO_COMMON_BLOCKS = YES;
				GCC_OPTIMIZATION_LEVEL = 0;
				GCC_PREPROCESSOR_DEFINITIONS = (
					"DEBUG=1",
					"$(inherited)",
				);
				GCC_SYMBOLS_PRIVATE_EXTERN = NO;
				GCC_WARN_64_TO_32_BIT_CONVERSION = YES;
				GCC_WARN_ABOUT_RETURN_TYPE = YES_ERROR;
				GCC_WARN_UNDECLARED_SELECTOR = YES;
				GCC_WARN_UNINITIALIZED_AUTOS = YES_AGGRESSIVE;
				GCC_WARN_UNUSED_FUNCTION = YES;
				GCC_WARN_UNUSED_VARIABLE = YES;
				IPHONEOS_DEPLOYMENT_TARGET = 7.0;
				MTL_ENABLE_DEBUG_INFO = YES;
				ONLY_ACTIVE_ARCH = YES;
				SDKROOT = iphoneos;
			};
			name = Debug;
		};
		509372A81B84517100050CF7 /* Release */ = {
			isa = XCBuildConfiguration;
			buildSettings = {
				ALWAYS_SEARCH_USER_PATHS = NO;
				CLANG_CXX_LANGUAGE_STANDARD = "gnu++0x";
				CLANG_CXX_LIBRARY = "libc++";
				CLANG_ENABLE_MODULES = YES;
				CLANG_ENABLE_OBJC_ARC = YES;
				CLANG_WARN_BOOL_CONVERSION = YES;
				CLANG_WARN_CONSTANT_CONVERSION = YES;
				CLANG_WARN_DIRECT_OBJC_ISA_USAGE = YES_ERROR;
				CLANG_WARN_EMPTY_BODY = YES;
				CLANG_WARN_ENUM_CONVERSION = YES;
				CLANG_WARN_INT_CONVERSION = YES;
				CLANG_WARN_OBJC_ROOT_CLASS = YES_ERROR;
				CLANG_WARN_UNREACHABLE_CODE = YES;
				CLANG_WARN__DUPLICATE_METHOD_MATCH = YES;
				"CODE_SIGN_IDENTITY[sdk=iphoneos*]" = "iPhone Developer";
				COPY_PHASE_STRIP = NO;
				DEBUG_INFORMATION_FORMAT = "dwarf-with-dsym";
				ENABLE_NS_ASSERTIONS = NO;
				ENABLE_STRICT_OBJC_MSGSEND = YES;
				GCC_C_LANGUAGE_STANDARD = gnu99;
				GCC_NO_COMMON_BLOCKS = YES;
				GCC_WARN_64_TO_32_BIT_CONVERSION = YES;
				GCC_WARN_ABOUT_RETURN_TYPE = YES_ERROR;
				GCC_WARN_UNDECLARED_SELECTOR = YES;
				GCC_WARN_UNINITIALIZED_AUTOS = YES_AGGRESSIVE;
				GCC_WARN_UNUSED_FUNCTION = YES;
				GCC_WARN_UNUSED_VARIABLE = YES;
				IPHONEOS_DEPLOYMENT_TARGET = 7.0;
				MTL_ENABLE_DEBUG_INFO = NO;
				SDKROOT = iphoneos;
				VALIDATE_PRODUCT = YES;
			};
			name = Release;
		};
		509372AA1B84517100050CF7 /* Debug */ = {
			isa = XCBuildConfiguration;
			buildSettings = {
				ASSETCATALOG_COMPILER_APPICON_NAME = AppIcon;
				INFOPLIST_FILE = ClearAllContact/Info.plist;
				LD_RUNPATH_SEARCH_PATHS = "$(inherited) @executable_path/Frameworks";
				PRODUCT_NAME = "$(TARGET_NAME)";
			};
			name = Debug;
		};
		509372AB1B84517100050CF7 /* Release */ = {
			isa = XCBuildConfiguration;
			buildSettings = {
				ASSETCATALOG_COMPILER_APPICON_NAME = AppIcon;
				INFOPLIST_FILE = ClearAllContact/Info.plist;
				LD_RUNPATH_SEARCH_PATHS = "$(inherited) @executable_path/Frameworks";
				PRODUCT_NAME = "$(TARGET_NAME)";
			};
			name = Release;
		};
		509372AD1B84517100050CF7 /* Debug */ = {
			isa = XCBuildConfiguration;
			buildSettings = {
				BUNDLE_LOADER = "$(TEST_HOST)";
				FRAMEWORK_SEARCH_PATHS = (
					"$(SDKROOT)/Developer/Library/Frameworks",
					"$(inherited)",
				);
				GCC_PREPROCESSOR_DEFINITIONS = (
					"DEBUG=1",
					"$(inherited)",
				);
				INFOPLIST_FILE = ClearAllContactTests/Info.plist;
				LD_RUNPATH_SEARCH_PATHS = "$(inherited) @executable_path/Frameworks @loader_path/Frameworks";
				PRODUCT_NAME = "$(TARGET_NAME)";
				TEST_HOST = "$(BUILT_PRODUCTS_DIR)/ClearAllContact.app/ClearAllContact";
			};
			name = Debug;
		};
		509372AE1B84517100050CF7 /* Release */ = {
			isa = XCBuildConfiguration;
			buildSettings = {
				BUNDLE_LOADER = "$(TEST_HOST)";
				FRAMEWORK_SEARCH_PATHS = (
					"$(SDKROOT)/Developer/Library/Frameworks",
					"$(inherited)",
				);
				INFOPLIST_FILE = ClearAllContactTests/Info.plist;
				LD_RUNPATH_SEARCH_PATHS = "$(inherited) @executable_path/Frameworks @loader_path/Frameworks";
				PRODUCT_NAME = "$(TARGET_NAME)";
				TEST_HOST = "$(BUILT_PRODUCTS_DIR)/ClearAllContact.app/ClearAllContact";
			};
			name = Release;
		};
/* End XCBuildConfiguration section */

/* Begin XCConfigurationList section */
		509372811B84517000050CF7 /* Build configuration list for PBXProject "ClearAllContact" */ = {
			isa = XCConfigurationList;
			buildConfigurations = (
				509372A71B84517100050CF7 /* Debug */,
				509372A81B84517100050CF7 /* Release */,
			);
			defaultConfigurationIsVisible = 0;
			defaultConfigurationName = Release;
		};
		509372A91B84517100050CF7 /* Build configuration list for PBXNativeTarget "ClearAllContact" */ = {
			isa = XCConfigurationList;
			buildConfigurations = (
				509372AA1B84517100050CF7 /* Debug */,
				509372AB1B84517100050CF7 /* Release */,
			);
			defaultConfigurationIsVisible = 0;
		};
		509372AC1B84517100050CF7 /* Build configuration list for PBXNativeTarget "ClearAllContactTests" */ = {
			isa = XCConfigurationList;
			buildConfigurations = (
				509372AD1B84517100050CF7 /* Debug */,
				509372AE1B84517100050CF7 /* Release */,
			);
			defaultConfigurationIsVisible = 0;
		};
/* End XCConfigurationList section */
	};
	rootObject = 5093727E1B84517000050CF7 /* Project object */;
}
